
Microsoft Visual Studio Solution File, Format Version 11.00
# Visual Studio 2010
Project("{FAE04EC0-301F-11D3-BF4B-00C04F79EFBC}") = "Assembly-CSharp", "Assembly-CSharp.csproj", "{3BD1A604-E487-E1C3-726B-4D1FAF64BFF9}"
EndProject
Global
	GlobalSection(SolutionConfigurationPlatforms) = preSolution
		Debug|Any CPU = Debug|Any CPU
		Release|Any CPU = Release|Any CPU
	EndGlobalSection
	GlobalSection(ProjectConfigurationPlatforms) = postSolution
		{3BD1A604-E487-E1C3-726B-4D1FAF64BFF9}.Debug|Any CPU.ActiveCfg = Debug|Any CPU
		{3BD1A604-E487-E1C3-726B-4D1FAF64BFF9}.Debug|Any CPU.Build.0 = Debug|Any CPU
		{3BD1A604-E487-E1C3-726B-4D1FAF64BFF9}.Release|Any CPU.ActiveCfg = Release|Any CPU
		{3BD1A604-E487-E1C3-726B-4D1FAF64BFF9}.Release|Any CPU.Build.0 = Release|Any CPU
	EndGlobalSection
	GlobalSection(SolutionProperties) = preSolution
		HideSolutionNode = FALSE
	EndGlobalSection
EndGlobal
