
Microsoft Visual Studio Solution File, Format Version 12.00
# Visual Studio 16
Project("{FAE04EC0-301F-11D3-BF4B-00C04F79EFBC}") = "Assembly-CSharp", "Assembly-CSharp.csproj", "{97B04CA0-86B0-CE2A-83B6-D36A005F24BB}"
EndProject
Project("{FAE04EC0-301F-11D3-BF4B-00C04F79EFBC}") = "Assembly-CSharp-firstpass", "Assembly-CSharp-firstpass.csproj", "{7BD17B20-A58C-E466-0F49-16B6A30A1E4F}"
EndProject
Project("{FAE04EC0-301F-11D3-BF4B-00C04F79EFBC}") = "Assembly-CSharp-Editor-firstpass", "Assembly-CSharp-Editor-firstpass.csproj", "{ABB32E2A-C8AE-2CE6-535E-44B44F172448}"
EndProject
Global
	GlobalSection(SolutionConfigurationPlatforms) = preSolution
		Debug|Any CPU = Debug|Any CPU
		Release|Any CPU = Release|Any CPU
	EndGlobalSection
	GlobalSection(ProjectConfigurationPlatforms) = postSolution
		{97B04CA0-86B0-CE2A-83B6-D36A005F24BB}.Debug|Any CPU.ActiveCfg = Debug|Any CPU
		{97B04CA0-86B0-CE2A-83B6-D36A005F24BB}.Debug|Any CPU.Build.0 = Debug|Any CPU
		{97B04CA0-86B0-CE2A-83B6-D36A005F24BB}.Release|Any CPU.ActiveCfg = Release|Any CPU
		{97B04CA0-86B0-CE2A-83B6-D36A005F24BB}.Release|Any CPU.Build.0 = Release|Any CPU
		{7BD17B20-A58C-E466-0F49-16B6A30A1E4F}.Debug|Any CPU.ActiveCfg = Debug|Any CPU
		{7BD17B20-A58C-E466-0F49-16B6A30A1E4F}.Debug|Any CPU.Build.0 = Debug|Any CPU
		{7BD17B20-A58C-E466-0F49-16B6A30A1E4F}.Release|Any CPU.ActiveCfg = Release|Any CPU
		{7BD17B20-A58C-E466-0F49-16B6A30A1E4F}.Release|Any CPU.Build.0 = Release|Any CPU
		{ABB32E2A-C8AE-2CE6-535E-44B44F172448}.Debug|Any CPU.ActiveCfg = Debug|Any CPU
		{ABB32E2A-C8AE-2CE6-535E-44B44F172448}.Debug|Any CPU.Build.0 = Debug|Any CPU
		{ABB32E2A-C8AE-2CE6-535E-44B44F172448}.Release|Any CPU.ActiveCfg = Release|Any CPU
		{ABB32E2A-C8AE-2CE6-535E-44B44F172448}.Release|Any CPU.Build.0 = Release|Any CPU
	EndGlobalSection
	GlobalSection(SolutionProperties) = preSolution
		HideSolutionNode = FALSE
	EndGlobalSection
EndGlobal
